# This file was automatically generated by gh-aw. DO NOT EDIT.
# To update this file, edit the corresponding .md file and run:
#   gh aw compile
# For more information: https://github.com/githubnext/gh-aw/blob/main/.github/instructions/github-agentic-workflows.instructions.md

name: "Test AI Inference GitHub Models"
on:
  workflow_dispatch: null

permissions: {}

concurrency:
  group: "gh-aw-${{ github.workflow }}"

run-name: "Test AI Inference GitHub Models"

jobs:
  agent:
    runs-on: ubuntu-latest
    permissions:
      contents: read
      models: read
    steps:
      - name: Checkout repository
        uses: actions/checkout@v5
      - name: Setup MCPs
        run: |
          mkdir -p /tmp/mcp-config
      - name: Create prompt
        env:
          GITHUB_AW_PROMPT: /tmp/aw-prompts/prompt.txt
        run: |
          mkdir -p $(dirname "$GITHUB_AW_PROMPT")
          cat > $GITHUB_AW_PROMPT << 'EOF'
          # Test AI Inference GitHub Models
          
          This is a test workflow to verify AI inference capabilities using GitHub Models.
          
          Please analyze the repository and provide insights about:
          1. The main purpose of this project
          2. Key technologies used
          3. Potential areas for improvement
          
          EOF
      - name: Print prompt to step summary
        env:
          GITHUB_AW_PROMPT: /tmp/aw-prompts/prompt.txt
        run: |
          echo "## Generated Prompt" >> $GITHUB_STEP_SUMMARY
          echo "" >> $GITHUB_STEP_SUMMARY
          echo '``````markdown' >> $GITHUB_STEP_SUMMARY
          cat $GITHUB_AW_PROMPT >> $GITHUB_STEP_SUMMARY
          echo '``````' >> $GITHUB_STEP_SUMMARY
      - name: Set agent version (not available)
        run: echo "AGENT_VERSION=" >> $GITHUB_ENV
      - name: Generate agentic run info
        uses: actions/github-script@v8
        with:
          script: |
            const fs = require('fs');
            
            const awInfo = {
              engine_id: "github-models",
              engine_name: "GitHub Models",
              model: "",
              version: "",
              agent_version: process.env.AGENT_VERSION || "",
              workflow_name: "Test AI Inference GitHub Models",
              experimental: true,
              supports_tools_allowlist: true,
              supports_http_transport: true,
              run_id: context.runId,
              run_number: context.runNumber,
              run_attempt: process.env.GITHUB_RUN_ATTEMPT,
              repository: context.repo.owner + '/' + context.repo.repo,
              ref: context.ref,
              sha: context.sha,
              actor: context.actor,
              event_name: context.eventName,
              staged: false,
              created_at: new Date().toISOString()
            };
            
            // Write to /tmp directory to avoid inclusion in PR
            const tmpPath = '/tmp/aw_info.json';
            fs.writeFileSync(tmpPath, JSON.stringify(awInfo, null, 2));
            console.log('Generated aw_info.json at:', tmpPath);
            console.log(JSON.stringify(awInfo, null, 2));
            
            // Add agentic workflow run information to step summary
            core.summary
              .addRaw('## Agentic Run Information\n\n')
              .addRaw('```json\n')
              .addRaw(JSON.stringify(awInfo, null, 2))
              .addRaw('\n```\n')
              .write();
      - name: Upload agentic run info
        if: always()
        uses: actions/upload-artifact@v4
        with:
          name: aw_info.json
          path: /tmp/aw_info.json
          if-no-files-found: warn
      - name: Run AI Inference
        id: inference
        uses: actions/ai-inference@v1
        with:
          prompt-file: '/tmp/aw-prompts/prompt.txt'
          token: ${{ secrets.GITHUB_TOKEN }}
          enable-github-mcp: true
          github-mcp-token: ${{ secrets.GITHUB_MCP_TOKEN }}
      - name: Process AI Response
        if: always()
        run: |
          # Capture the response to log file
          if [ -f "${{ steps.inference.outputs.response-file }}" ]; then
            cat "${{ steps.inference.outputs.response-file }}" | tee -a /tmp/agent-stdio.log
          else
            echo "No response file found" | tee -a /tmp/agent-stdio.log
          fi
          # Ensure log file exists
          touch /tmp/agent-stdio.log
      - name: Upload MCP logs
        if: always()
        uses: actions/upload-artifact@v4
        with:
          name: mcp-logs
          path: /tmp/mcp-logs/
          if-no-files-found: ignore
      - name: Upload Agent Stdio
        if: always()
        uses: actions/upload-artifact@v4
        with:
          name: agent-stdio.log
          path: /tmp/agent-stdio.log
          if-no-files-found: warn
      - name: Validate agent logs for errors
        if: always()
        uses: actions/github-script@v8
        env:
          GITHUB_AW_AGENT_OUTPUT: /tmp/agent-stdio.log
          GITHUB_AW_ERROR_PATTERNS: "[{\"pattern\":\"error:\\\\s*(.+)\",\"level_group\":0,\"message_group\":1,\"description\":\"Generic error messages\"},{\"pattern\":\"failed:\\\\s*(.+)\",\"level_group\":0,\"message_group\":1,\"description\":\"Failed operation messages\"}]"
        with:
          script: |
            function main() {
              const fs = require("fs");
              try {
                const logFile = process.env.GITHUB_AW_AGENT_OUTPUT;
                if (!logFile) {
                  throw new Error("GITHUB_AW_AGENT_OUTPUT environment variable is required");
                }
                if (!fs.existsSync(logFile)) {
                  throw new Error(`Log file not found: ${logFile}`);
                }
                const patterns = getErrorPatternsFromEnv();
                if (patterns.length === 0) {
                  throw new Error("GITHUB_AW_ERROR_PATTERNS environment variable is required and must contain at least one pattern");
                }
                const content = fs.readFileSync(logFile, "utf8");
                const hasErrors = validateErrors(content, patterns);
                if (hasErrors) {
                  core.setFailed("Errors detected in agent logs - failing workflow step");
                } else {
                  core.info("Error validation completed successfully");
                }
              } catch (error) {
                console.debug(error);
                core.setFailed(`Error validating log: ${error instanceof Error ? error.message : String(error)}`);
              }
            }
            function getErrorPatternsFromEnv() {
              const patternsEnv = process.env.GITHUB_AW_ERROR_PATTERNS;
              if (!patternsEnv) {
                throw new Error("GITHUB_AW_ERROR_PATTERNS environment variable is required");
              }
              try {
                const patterns = JSON.parse(patternsEnv);
                if (!Array.isArray(patterns)) {
                  throw new Error("GITHUB_AW_ERROR_PATTERNS must be a JSON array");
                }
                return patterns;
              } catch (e) {
                throw new Error(`Failed to parse GITHUB_AW_ERROR_PATTERNS as JSON: ${e instanceof Error ? e.message : String(e)}`);
              }
            }
            function validateErrors(logContent, patterns) {
              const lines = logContent.split("\n");
              let hasErrors = false;
              for (const pattern of patterns) {
                let regex;
                try {
                  regex = new RegExp(pattern.pattern, "g");
                } catch (e) {
                  core.error(`invalid error regex pattern: ${pattern.pattern}`);
                  continue;
                }
                for (let lineIndex = 0; lineIndex < lines.length; lineIndex++) {
                  const line = lines[lineIndex];
                  let match;
                  while ((match = regex.exec(line)) !== null) {
                    const level = extractLevel(match, pattern);
                    const message = extractMessage(match, pattern, line);
                    const errorMessage = `Line ${lineIndex + 1}: ${message} (Pattern: ${pattern.description || "Unknown pattern"}, Raw log: ${truncateString(line.trim(), 120)})`;
                    if (level.toLowerCase() === "error") {
                      core.error(errorMessage);
                      hasErrors = true;
                    } else {
                      core.warning(errorMessage);
                    }
                  }
                }
              }
              return hasErrors;
            }
            function extractLevel(match, pattern) {
              if (pattern.level_group && pattern.level_group > 0 && match[pattern.level_group]) {
                return match[pattern.level_group];
              }
              const fullMatch = match[0];
              if (fullMatch.toLowerCase().includes("error")) {
                return "error";
              } else if (fullMatch.toLowerCase().includes("warn")) {
                return "warning";
              }
              return "unknown";
            }
            function extractMessage(match, pattern, fullLine) {
              if (pattern.message_group && pattern.message_group > 0 && match[pattern.message_group]) {
                return match[pattern.message_group].trim();
              }
              return match[0] || fullLine.trim();
            }
            function truncateString(str, maxLength) {
              if (!str) return "";
              if (str.length <= maxLength) return str;
              return str.substring(0, maxLength) + "...";
            }
            if (typeof module !== "undefined" && module.exports) {
              module.exports = {
                validateErrors,
                extractLevel,
                extractMessage,
                getErrorPatternsFromEnv,
                truncateString,
              };
            }
            if (typeof module === "undefined" || require.main === module) {
              main();
            }

