# This file was automatically generated by gh-aw. DO NOT EDIT.
# To update this file, edit the corresponding .md file and run:
#   gh aw compile
#
# Effective stop-time: 2025-08-15 16:05:19

name: "Quick Stop Time"
on:
    schedule:
        - cron: 0 0 * * *
    workflow_dispatch: null

permissions: {}

concurrency:
  group: "gh-aw-${{ github.workflow }}"

run-name: "Quick Stop Time"

jobs:
  task:
    runs-on: ubuntu-latest
    permissions:
      contents: read
    steps:
      - uses: actions/checkout@v4
        with:
          sparse-checkout: .github
          fetch-depth: 1

  quick-stop-time:
    needs: task
    runs-on: ubuntu-latest
    permissions:
      contents: read
      issues: read
      pull-requests: read
      discussions: read
      deployments: read
      models: read
    steps:
      - name: Checkout repository
        uses: actions/checkout@v4
      - name: Setup MCPs
        run: |
          mkdir -p /tmp/mcp-config
          cat > /tmp/mcp-config/mcp-servers.json << 'EOF'
          {
            "mcpServers": {
              "github": {
                "command": "docker",
                "args": [
                  "run",
                  "-i",
                  "--rm",
                  "-e",
                  "GITHUB_PERSONAL_ACCESS_TOKEN",
                  "ghcr.io/github/github-mcp-server:sha-45e90ae"
                ],
                "env": {
                  "GITHUB_PERSONAL_ACCESS_TOKEN": "${{ secrets.GITHUB_TOKEN }}"
                }
              }
            }
          }
          EOF
      - name: Safety checks
        run: |
          set -e
          echo "Performing safety checks before executing agentic tools..."
          WORKFLOW_NAME="Quick Stop Time"
          
          # Check stop-time limit
          STOP_TIME="2025-08-15 16:05:19"
          echo "Checking stop-time limit: $STOP_TIME"
          
          # Convert stop time to epoch seconds
          STOP_EPOCH=$(date -d "$STOP_TIME" +%s 2>/dev/null || echo "invalid")
          if [ "$STOP_EPOCH" = "invalid" ]; then
            echo "Warning: Invalid stop-time format: $STOP_TIME. Expected format: YYYY-MM-DD HH:MM:SS"
          else
            CURRENT_EPOCH=$(date +%s)
            echo "Current time: $(date)"
            echo "Stop time: $STOP_TIME"
            
            if [ "$CURRENT_EPOCH" -ge "$STOP_EPOCH" ]; then
              echo "Stop time reached. Disabling workflow to prevent cost overrun."
              gh workflow disable "$WORKFLOW_NAME"
              echo "Workflow disabled. Current run will continue but no future runs will be triggered."
              exit 1
            fi
          fi
          echo "All safety checks passed. Proceeding with agentic tool execution."
        env:
          GH_TOKEN: ${{ secrets.GITHUB_TOKEN }}
      - name: Create prompt
        run: |
          mkdir -p /tmp/aw-prompts
          cat > /tmp/aw-prompts/prompt.txt << 'EOF'
          Show the answer to the question "What is the current time?" in the output.
          
          EOF
      - name: Print prompt to step summary
        run: |
          echo "## Generated Prompt" >> $GITHUB_STEP_SUMMARY
          echo "" >> $GITHUB_STEP_SUMMARY
          echo '``````markdown' >> $GITHUB_STEP_SUMMARY
          cat /tmp/aw-prompts/prompt.txt >> $GITHUB_STEP_SUMMARY
          echo '``````' >> $GITHUB_STEP_SUMMARY
      - name: Generate agentic run info
        uses: actions/github-script@v7
        with:
          script: |
            const fs = require('fs');
            
            const awInfo = {
              engine_id: "claude",
              engine_name: "Claude Code",
              model: "",
              version: "",
              workflow_name: "Quick Stop Time",
              experimental: false,
              supports_tools_whitelist: true,
              supports_http_transport: true,
              run_id: context.runId,
              run_number: context.runNumber,
              run_attempt: process.env.GITHUB_RUN_ATTEMPT,
              repository: context.repo.owner + '/' + context.repo.repo,
              ref: context.ref,
              sha: context.sha,
              actor: context.actor,
              event_name: context.eventName,
              created_at: new Date().toISOString()
            };
            
            // Write to /tmp directory to avoid inclusion in PR
            const tmpPath = '/tmp/aw_info.json';
            fs.writeFileSync(tmpPath, JSON.stringify(awInfo, null, 2));
            console.log('Generated aw_info.json at:', tmpPath);
            console.log(JSON.stringify(awInfo, null, 2));
      - name: Execute Claude Code Action
        id: agentic_execution
        uses: anthropics/claude-code-base-action@v0.0.56
        with:
          # Allowed tools (sorted):
          # - Glob
          # - Grep
          # - LS
          # - NotebookRead
          # - Read
          # - Task
          # - mcp__github__download_workflow_run_artifact
          # - mcp__github__get_code_scanning_alert
          # - mcp__github__get_commit
          # - mcp__github__get_dependabot_alert
          # - mcp__github__get_discussion
          # - mcp__github__get_discussion_comments
          # - mcp__github__get_file_contents
          # - mcp__github__get_issue
          # - mcp__github__get_issue_comments
          # - mcp__github__get_job_logs
          # - mcp__github__get_me
          # - mcp__github__get_notification_details
          # - mcp__github__get_pull_request
          # - mcp__github__get_pull_request_comments
          # - mcp__github__get_pull_request_diff
          # - mcp__github__get_pull_request_files
          # - mcp__github__get_pull_request_reviews
          # - mcp__github__get_pull_request_status
          # - mcp__github__get_secret_scanning_alert
          # - mcp__github__get_tag
          # - mcp__github__get_workflow_run
          # - mcp__github__get_workflow_run_logs
          # - mcp__github__get_workflow_run_usage
          # - mcp__github__list_branches
          # - mcp__github__list_code_scanning_alerts
          # - mcp__github__list_commits
          # - mcp__github__list_dependabot_alerts
          # - mcp__github__list_discussion_categories
          # - mcp__github__list_discussions
          # - mcp__github__list_issues
          # - mcp__github__list_notifications
          # - mcp__github__list_pull_requests
          # - mcp__github__list_secret_scanning_alerts
          # - mcp__github__list_tags
          # - mcp__github__list_workflow_jobs
          # - mcp__github__list_workflow_run_artifacts
          # - mcp__github__list_workflow_runs
          # - mcp__github__list_workflows
          # - mcp__github__search_code
          # - mcp__github__search_issues
          # - mcp__github__search_orgs
          # - mcp__github__search_pull_requests
          # - mcp__github__search_repositories
          # - mcp__github__search_users
          allowed_tools: "Glob,Grep,LS,NotebookRead,Read,Task,mcp__github__download_workflow_run_artifact,mcp__github__get_code_scanning_alert,mcp__github__get_commit,mcp__github__get_dependabot_alert,mcp__github__get_discussion,mcp__github__get_discussion_comments,mcp__github__get_file_contents,mcp__github__get_issue,mcp__github__get_issue_comments,mcp__github__get_job_logs,mcp__github__get_me,mcp__github__get_notification_details,mcp__github__get_pull_request,mcp__github__get_pull_request_comments,mcp__github__get_pull_request_diff,mcp__github__get_pull_request_files,mcp__github__get_pull_request_reviews,mcp__github__get_pull_request_status,mcp__github__get_secret_scanning_alert,mcp__github__get_tag,mcp__github__get_workflow_run,mcp__github__get_workflow_run_logs,mcp__github__get_workflow_run_usage,mcp__github__list_branches,mcp__github__list_code_scanning_alerts,mcp__github__list_commits,mcp__github__list_dependabot_alerts,mcp__github__list_discussion_categories,mcp__github__list_discussions,mcp__github__list_issues,mcp__github__list_notifications,mcp__github__list_pull_requests,mcp__github__list_secret_scanning_alerts,mcp__github__list_tags,mcp__github__list_workflow_jobs,mcp__github__list_workflow_run_artifacts,mcp__github__list_workflow_runs,mcp__github__list_workflows,mcp__github__search_code,mcp__github__search_issues,mcp__github__search_orgs,mcp__github__search_pull_requests,mcp__github__search_repositories,mcp__github__search_users"
          anthropic_api_key: ${{ secrets.ANTHROPIC_API_KEY }}
          claude_env: |
            GH_TOKEN: ${{ secrets.GITHUB_TOKEN }}
          mcp_config: /tmp/mcp-config/mcp-servers.json
          prompt_file: /tmp/aw-prompts/prompt.txt
          timeout_minutes: "5"
      - name: Capture Agentic Action logs
        if: always()
        run: |
          # Copy the detailed execution file from Agentic Action if available
          if [ -n "${{ steps.agentic_execution.outputs.execution_file }}" ] && [ -f "${{ steps.agentic_execution.outputs.execution_file }}" ]; then
            cp ${{ steps.agentic_execution.outputs.execution_file }} /tmp/quick-stop-time.log
          else
            echo "No execution file output found from Agentic Action" >> /tmp/quick-stop-time.log
          fi
          
          # Ensure log file exists
          touch /tmp/quick-stop-time.log
      - name: Check if workflow-complete.txt exists, if so upload it
        id: check_file
        run: |
          if [ -f workflow-complete.txt ]; then
            echo "File exists"
            echo "upload=true" >> $GITHUB_OUTPUT
          else
            echo "File does not exist"
            echo "upload=false" >> $GITHUB_OUTPUT
          fi
      - name: Upload workflow-complete.txt
        if: steps.check_file.outputs.upload == 'true'
        uses: actions/upload-artifact@v4
        with:
          name: workflow-complete
          path: workflow-complete.txt
      - name: Upload agentic engine logs
        if: always()
        uses: actions/upload-artifact@v4
        with:
          name: quick-stop-time.log
          path: /tmp/quick-stop-time.log
          if-no-files-found: warn
      - name: Upload agentic run info
        if: always()
        uses: actions/upload-artifact@v4
        with:
          name: aw_info.json
          path: /tmp/aw_info.json
          if-no-files-found: warn

